
Microsoft Visual Studio Solution File, Format Version 12.00
# Visual Studio Version 16
VisualStudioVersion = 16.0.31402.337
MinimumVisualStudioVersion = 10.0.40219.1
Project("{9A19103F-16F7-4668-BE54-9A1E7A4F7556}") = "WebApiTemplate", "WebApiTemplate\WebApiTemplate.csproj", "{FDF064AB-3EE4-468F-9979-C531D8D29970}"
EndProject
Project("{9A19103F-16F7-4668-BE54-9A1E7A4F7556}") = "WebApiTemplate.Test.Postgres", "WebApiTemplate.Test.Postgres\WebApiTemplate.Test.Postgres.csproj", "{5C66A4DA-7391-4757-B1C1-9B5A2EAB234B}"
EndProject
Global
	GlobalSection(SolutionConfigurationPlatforms) = preSolution
		Debug|Any CPU = Debug|Any CPU
		Release|Any CPU = Release|Any CPU
	EndGlobalSection
	GlobalSection(ProjectConfigurationPlatforms) = postSolution
		{FDF064AB-3EE4-468F-9979-C531D8D29970}.Debug|Any CPU.ActiveCfg = Debug|Any CPU
		{FDF064AB-3EE4-468F-9979-C531D8D29970}.Debug|Any CPU.Build.0 = Debug|Any CPU
		{FDF064AB-3EE4-468F-9979-C531D8D29970}.Release|Any CPU.ActiveCfg = Release|Any CPU
		{FDF064AB-3EE4-468F-9979-C531D8D29970}.Release|Any CPU.Build.0 = Release|Any CPU
		{5C66A4DA-7391-4757-B1C1-9B5A2EAB234B}.Debug|Any CPU.ActiveCfg = Debug|Any CPU
		{5C66A4DA-7391-4757-B1C1-9B5A2EAB234B}.Debug|Any CPU.Build.0 = Debug|Any CPU
		{5C66A4DA-7391-4757-B1C1-9B5A2EAB234B}.Release|Any CPU.ActiveCfg = Release|Any CPU
		{5C66A4DA-7391-4757-B1C1-9B5A2EAB234B}.Release|Any CPU.Build.0 = Release|Any CPU
	EndGlobalSection
	GlobalSection(SolutionProperties) = preSolution
		HideSolutionNode = FALSE
	EndGlobalSection
	GlobalSection(ExtensibilityGlobals) = postSolution
		SolutionGuid = {DF9C3D5C-7B5D-4926-8FC8-A0FD0208BF90}
	EndGlobalSection
EndGlobal
